version = 1
revision = 3
requires-python = ">=3.10, <3.15"

[[package]]
name = "uv"
version = "0.9.26"
source = { registry = "https://pypi.org/simple" }
sdist = { url = "https://files.pythonhosted.org/packages/ff/6a/ef4ea19097ecdfd7df6e608f93874536af045c68fd70aa628c667815c458/uv-0.9.26.tar.gz", hash = "sha256:8b7017a01cc48847a7ae26733383a2456dd060fc50d21d58de5ee14f6b6984d7", size = 3790483, upload-time = "2026-01-15T20:51:33.582Z" }
wheels = [
    { url = "https://files.pythonhosted.org/packages/fe/e1/5c0b17833d5e3b51a897957348ff8d937a3cdfc5eea5c4a7075d8d7b9870/uv-0.9.26-py3-none-linux_armv6l.whl", hash = "sha256:7dba609e32b7bd13ef81788d580970c6ff3a8874d942755b442cffa8f25dba57", size = 22638031, upload-time = "2026-01-15T20:51:44.187Z" },
    { url = "https://files.pythonhosted.org/packages/a5/8b/68ac5825a615a8697e324f52ac0b92feb47a0ec36a63759c5f2931f0c3a0/uv-0.9.26-py3-none-macosx_10_12_x86_64.whl", hash = "sha256:b815e3b26eeed00e00f831343daba7a9d99c1506883c189453bb4d215f54faac", size = 21507805, upload-time = "2026-01-15T20:50:42.574Z" },
    { url = "https://files.pythonhosted.org/packages/0d/a2/664a338aefe009f6e38e47455ee2f64a21da7ad431dbcaf8b45d8b1a2b7a/uv-0.9.26-py3-none-macosx_11_0_arm64.whl", hash = "sha256:1b012e6c4dfe767f818cbb6f47d02c207c9b0c82fee69a5de6d26ffb26a3ef3c", size = 20249791, upload-time = "2026-01-15T20:50:49.835Z" },
    { url = "https://files.pythonhosted.org/packages/ba/3d/b8186a7dec1346ca4630c674b760517d28bffa813a01965f4b57596bacf3/uv-0.9.26-py3-none-manylinux_2_17_aarch64.manylinux2014_aarch64.musllinux_1_1_aarch64.whl", hash = "sha256:ea296b700d7c4c27acdfd23ffaef2b0ecdd0aa1b58d942c62ee87df3b30f06ac", size = 22039108, upload-time = "2026-01-15T20:51:00.675Z" },
    { url = "https://files.pythonhosted.org/packages/aa/a9/687fd587e7a3c2c826afe72214fb24b7f07b0d8b0b0300e6a53b554180ea/uv-0.9.26-py3-none-manylinux_2_17_armv7l.manylinux2014_armv7l.musllinux_1_1_armv7l.whl", hash = "sha256:1ba860d2988efc27e9c19f8537a2f9fa499a8b7ebe4afbe2d3d323d72f9aee61", size = 22174763, upload-time = "2026-01-15T20:50:46.471Z" },
    { url = "https://files.pythonhosted.org/packages/38/69/7fa03ee7d59e562fca1426436f15a8c107447d41b34e0899e25ee69abfad/uv-0.9.26-py3-none-manylinux_2_17_armv7l.manylinux2014_armv7l.whl", hash = "sha256:8610bdfc282a681a0a40b90495a478599aa3484c12503ef79ef42cd271fd80fe", size = 22189861, upload-time = "2026-01-15T20:51:15.618Z" },
    { url = "https://files.pythonhosted.org/packages/10/2d/4be446a2ec09f3c428632b00a138750af47c76b0b9f987e9a5b52fef0405/uv-0.9.26-py3-none-manylinux_2_17_i686.manylinux2014_i686.whl", hash = "sha256:c4bf700bd071bd595084b9ee0a8d77c6a0a10ca3773d3771346a2599f306bd9c", size = 23005589, upload-time = "2026-01-15T20:50:57.185Z" },
    { url = "https://files.pythonhosted.org/packages/c3/16/860990b812136695a63a8da9fb5f819c3cf18ea37dcf5852e0e1b795ca0d/uv-0.9.26-py3-none-manylinux_2_17_ppc64.manylinux2014_ppc64.whl", hash = "sha256:89a7beea1c692f76a6f8da13beff3cbb43f7123609e48e03517cc0db5c5de87c", size = 24713505, upload-time = "2026-01-15T20:51:04.366Z" },
    { url = "https://files.pythonhosted.org/packages/01/43/5d7f360d551e62d8f8bf6624b8fca9895cea49ebe5fce8891232d7ed2321/uv-0.9.26-py3-none-manylinux_2_17_ppc64le.manylinux2014_ppc64le.whl", hash = "sha256:182f5c086c7d03ad447e522b70fa29a0302a70bcfefad4b8cd08496828a0e179", size = 24342500, upload-time = "2026-01-15T20:51:47.863Z" },
    { url = "https://files.pythonhosted.org/packages/9b/9c/2bae010a189e7d8e5dc555edcfd053b11ce96fad2301b919ba0d9dd23659/uv-0.9.26-py3-none-manylinux_2_17_s390x.manylinux2014_s390x.whl", hash = "sha256:5d8c62a501f13425b4b0ce1dd4c6b82f3ce5a5179e2549c55f4bb27cc0eb8ef8", size = 23222578, upload-time = "2026-01-15T20:51:36.85Z" },
    { url = "https://files.pythonhosted.org/packages/38/16/a07593a040fe6403c36f3b0a99b309f295cbfe19a1074dbadb671d5d4ef7/uv-0.9.26-py3-none-manylinux_2_17_x86_64.manylinux2014_x86_64.whl", hash = "sha256:b7e89798bd3df7dcc4b2b4ac4e2fc11d6b3ff4fe7d764aa3012d664c635e2922", size = 23250201, upload-time = "2026-01-15T20:51:19.117Z" },
    { url = "https://files.pythonhosted.org/packages/23/a0/45893e15ad3ab842db27c1eb3b8605b9b4023baa5d414e67cfa559a0bff0/uv-0.9.26-py3-none-manylinux_2_28_aarch64.whl", hash = "sha256:60a66f1783ec4efc87b7e1f9bd66e8fd2de3e3b30d122b31cb1487f63a3ea8b7", size = 22229160, upload-time = "2026-01-15T20:51:22.931Z" },
    { url = "https://files.pythonhosted.org/packages/fc/c0/20a597a5c253702a223b5e745cf8c16cd5dd053080f896bb10717b3bedec/uv-0.9.26-py3-none-manylinux_2_31_riscv64.whl", hash = "sha256:63c6a1f1187facba1fb45a2fa45396980631a3427ac11b0e3d9aa3ebcf2c73cf", size = 23090730, upload-time = "2026-01-15T20:51:26.611Z" },
    { url = "https://files.pythonhosted.org/packages/40/c9/744537867d9ab593fea108638b57cca1165a0889cfd989981c942b6de9a5/uv-0.9.26-py3-none-musllinux_1_1_i686.whl", hash = "sha256:c6d8650fbc980ccb348b168266143a9bd4deebc86437537caaf8ff2a39b6ea50", size = 22436632, upload-time = "2026-01-15T20:51:12.045Z" },
    { url = "https://files.pythonhosted.org/packages/6b/e2/be683e30262f2cf02dcb41b6c32910a6939517d50ec45f502614d239feb7/uv-0.9.26-py3-none-musllinux_1_1_x86_64.whl", hash = "sha256:25278f9298aa4dade38241a93d036739b0c87278dcfad1ec1f57e803536bfc49", size = 23480064, upload-time = "2026-01-15T20:50:53.333Z" },
    { url = "https://files.pythonhosted.org/packages/50/3e/4a7e6bc5db2beac9c4966f212805f1903d37d233f2e160737f0b24780ada/uv-0.9.26-py3-none-win32.whl", hash = "sha256:10d075e0193e3a0e6c54f830731c4cb965d6f4e11956e84a7bed7ed61d42aa27", size = 21000052, upload-time = "2026-01-15T20:51:40.753Z" },
    { url = "https://files.pythonhosted.org/packages/07/5d/eb80c6eff2a9f7d5cf35ec84fda323b74aa0054145db28baf72d35a7a301/uv-0.9.26-py3-none-win_amd64.whl", hash = "sha256:0315fc321f5644b12118f9928086513363ed9b29d74d99f1539fda1b6b5478ab", size = 23684930, upload-time = "2026-01-15T20:51:08.448Z" },
    { url = "https://files.pythonhosted.org/packages/ed/9d/3b2631931649b1783f5024796ca8ad2b42a01a829b9ce1202d973cc7bce5/uv-0.9.26-py3-none-win_arm64.whl", hash = "sha256:344ff38749b6cd7b7dfdfb382536f168cafe917ae3a5aa78b7a63746ba2a905b", size = 22158123, upload-time = "2026-01-15T20:51:30.939Z" },
]

[[package]]
name = "uv-lock-check"
version = "0.1.0"
source = { virtual = "." }
dependencies = [
    { name = "uv" },
]

[package.metadata]
requires-dist = [{ name = "uv", specifier = ">=0.9.0" }]
