version = 1
revision = 3
requires-python = ">=3.10"

[[package]]
name = "uv"
version = "0.9.18"
source = { registry = "https://pypi.org/simple" }
sdist = { url = "https://files.pythonhosted.org/packages/e3/03/1afff9e6362dc9d3a9e03743da0a4b4c7a0809f859c79eb52bbae31ea582/uv-0.9.18.tar.gz", hash = "sha256:17b5502f7689c4dc1fdeee9d8437a9a6664dcaa8476e70046b5f4753559533f5", size = 3824466, upload-time = "2025-12-16T15:45:11.81Z" }
wheels = [
    { url = "https://files.pythonhosted.org/packages/26/9c/92fad10fcee8ea170b66442d95fd2af308fe9a107909ded4b3cc384fdc69/uv-0.9.18-py3-none-linux_armv6l.whl", hash = "sha256:e9e4915bb280c1f79b9a1c16021e79f61ed7c6382856ceaa99d53258cb0b4951", size = 21345538, upload-time = "2025-12-16T15:45:13.992Z" },
    { url = "https://files.pythonhosted.org/packages/81/b1/b0e5808e05acb54aa118c625d9f7b117df614703b0cbb89d419d03d117f3/uv-0.9.18-py3-none-macosx_10_12_x86_64.whl", hash = "sha256:d91abfd2649987996e3778729140c305ef0f6ff5909f55aac35c3c372544a24f", size = 20439572, upload-time = "2025-12-16T15:45:26.397Z" },
    { url = "https://files.pythonhosted.org/packages/b7/0b/9487d83adf5b7fd1e20ced33f78adf84cb18239c3d7e91f224cedba46c08/uv-0.9.18-py3-none-macosx_11_0_arm64.whl", hash = "sha256:cf33f4146fd97e94cdebe6afc5122208eea8c55b65ca4127f5a5643c9717c8b8", size = 18952907, upload-time = "2025-12-16T15:44:48.399Z" },
    { url = "https://files.pythonhosted.org/packages/58/92/c8f7ae8900eff8e4ce1f7826d2e1e2ad5a95a5f141abdb539865aff79930/uv-0.9.18-py3-none-manylinux_2_17_aarch64.manylinux2014_aarch64.musllinux_1_1_aarch64.whl", hash = "sha256:edf965e9a5c55f74020ac82285eb0dfe7fac4f325ad0a7afc816290269ecfec1", size = 20772495, upload-time = "2025-12-16T15:45:29.614Z" },
    { url = "https://files.pythonhosted.org/packages/5a/28/9831500317c1dd6cde5099e3eb3b22b88ac75e47df7b502f6aef4df5750e/uv-0.9.18-py3-none-manylinux_2_17_armv7l.manylinux2014_armv7l.whl", hash = "sha256:ae10a941bd7ca1ee69edbe3998c34dce0a9fc2d2406d98198343daf7d2078493", size = 20949623, upload-time = "2025-12-16T15:44:57.482Z" },
    { url = "https://files.pythonhosted.org/packages/0c/ff/1fe1ffa69c8910e54dd11f01fb0765d4fd537ceaeb0c05fa584b6b635b82/uv-0.9.18-py3-none-manylinux_2_17_i686.manylinux2014_i686.whl", hash = "sha256:a1669a95b588f613b13dd10e08ced6d5bcd79169bba29a2240eee87532648790", size = 21920580, upload-time = "2025-12-16T15:44:39.009Z" },
    { url = "https://files.pythonhosted.org/packages/d6/ee/eed3ec7679ee80e16316cfc95ed28ef6851700bcc66edacfc583cbd2cc47/uv-0.9.18-py3-none-manylinux_2_17_ppc64.manylinux2014_ppc64.whl", hash = "sha256:11e1e406590d3159138288203a41ff8a8904600b8628a57462f04ff87d62c477", size = 23491234, upload-time = "2025-12-16T15:45:32.59Z" },
    { url = "https://files.pythonhosted.org/packages/78/58/64b15df743c79ad03ea7fbcbd27b146ba16a116c57f557425dd4e44d6684/uv-0.9.18-py3-none-manylinux_2_17_ppc64le.manylinux2014_ppc64le.whl", hash = "sha256:1e82078d3c622cb4c60da87f156168ffa78b9911136db7ffeb8e5b0a040bf30e", size = 23095438, upload-time = "2025-12-16T15:45:17.916Z" },
    { url = "https://files.pythonhosted.org/packages/43/6d/3d3dae71796961603c3871699e10d6b9de2e65a3c327b58d4750610a5f93/uv-0.9.18-py3-none-manylinux_2_17_s390x.manylinux2014_s390x.whl", hash = "sha256:704abaf6e76b4d293fc1f24bef2c289021f1df0de9ed351f476cbbf67a7edae0", size = 22140992, upload-time = "2025-12-16T15:44:45.527Z" },
    { url = "https://files.pythonhosted.org/packages/31/91/1042d0966a30e937df500daed63e1f61018714406ce4023c8a6e6d2dcf7c/uv-0.9.18-py3-none-manylinux_2_17_x86_64.manylinux2014_x86_64.whl", hash = "sha256:3332188fd8d96a68e5001409a52156dced910bf1bc41ec3066534cffcd46eb68", size = 22229626, upload-time = "2025-12-16T15:45:20.712Z" },
    { url = "https://files.pythonhosted.org/packages/5a/1f/0a4a979bb2bf6e1292cc57882955bf1d7757cad40b1862d524c59c2a2ad8/uv-0.9.18-py3-none-manylinux_2_28_aarch64.whl", hash = "sha256:b7295e6d505f1fd61c54b1219e3b18e11907396333a9fa61cefe489c08fc7995", size = 20896524, upload-time = "2025-12-16T15:45:06.799Z" },
    { url = "https://files.pythonhosted.org/packages/a5/3c/24f92e56af00cac7d9bed2888d99a580f8093c8745395ccf6213bfccf20b/uv-0.9.18-py3-none-manylinux_2_31_riscv64.whl", hash = "sha256:62ea0e518dd4ab76e6f06c0f43a25898a6342a3ecf996c12f27f08eb801ef7f1", size = 22077340, upload-time = "2025-12-16T15:44:51.271Z" },
    { url = "https://files.pythonhosted.org/packages/9c/3e/73163116f748800e676bf30cee838448e74ac4cc2f716c750e1705bc3fe4/uv-0.9.18-py3-none-musllinux_1_1_armv7l.whl", hash = "sha256:8bd073e30030211ba01206caa57b4d63714e1adee2c76a1678987dd52f72d44d", size = 20932956, upload-time = "2025-12-16T15:45:00.3Z" },
    { url = "https://files.pythonhosted.org/packages/59/1b/a26990b51a17de1ffe41fbf2e30de3a98f0e0bce40cc60829fb9d9ed1a8a/uv-0.9.18-py3-none-musllinux_1_1_i686.whl", hash = "sha256:f248e013d10e1fc7a41f94310628b4a8130886b6d683c7c85c42b5b36d1bcd02", size = 21357247, upload-time = "2025-12-16T15:45:23.575Z" },
    { url = "https://files.pythonhosted.org/packages/5f/20/b6ba14fdd671e9237b22060d7422aba4a34503e3e42d914dbf925eff19aa/uv-0.9.18-py3-none-musllinux_1_1_x86_64.whl", hash = "sha256:17bedf2b0791e87d889e1c7f125bd5de77e4b7579aec372fa06ba832e07c957e", size = 22443585, upload-time = "2025-12-16T15:44:42.213Z" },
    { url = "https://files.pythonhosted.org/packages/5e/da/1b3dd596964f90a122cfe94dcf5b6b89cf5670eb84434b8c23864382576f/uv-0.9.18-py3-none-win32.whl", hash = "sha256:de6f0bb3e9c18e484545bd1549ec3c956968a141a393d42e2efb25281cb62787", size = 20091088, upload-time = "2025-12-16T15:45:03.225Z" },
    { url = "https://files.pythonhosted.org/packages/11/0b/50e13ebc1eedb36d88524b7740f78351be33213073e3faf81ac8925d0c6e/uv-0.9.18-py3-none-win_amd64.whl", hash = "sha256:c82b0e2e36b33e2146fba5f0ae6906b9679b3b5fe6a712e5d624e45e441e58e9", size = 22181193, upload-time = "2025-12-16T15:44:54.394Z" },
    { url = "https://files.pythonhosted.org/packages/8c/d4/0bf338d863a3d9e5545e268d77a8e6afdd75d26bffc939603042f2e739f9/uv-0.9.18-py3-none-win_arm64.whl", hash = "sha256:4c4ce0ed080440bbda2377488575d426867f94f5922323af6d4728a1cd4d091d", size = 20564933, upload-time = "2025-12-16T15:45:09.819Z" },
]

[[package]]
name = "uv-lock-check"
version = "0.1.0"
source = { virtual = "." }
dependencies = [
    { name = "uv" },
]

[package.metadata]
requires-dist = [{ name = "uv", specifier = ">=0.9.0" }]
